
Microsoft Visual Studio Solution File, Format Version 12.00
# Visual Studio 15
VisualStudioVersion = 15.0.27703.2042
MinimumVisualStudioVersion = 10.0.40219.1
Project("{FAE04EC0-301F-11D3-BF4B-00C04F79EFBC}") = "translator", "translator\translator.csproj", "{0BA3F99F-CA29-471C-B1BB-26444411A9BA}"
EndProject
Global
	GlobalSection(SolutionConfigurationPlatforms) = preSolution
		Debug|Any CPU = Debug|Any CPU
		Release|Any CPU = Release|Any CPU
	EndGlobalSection
	GlobalSection(ProjectConfigurationPlatforms) = postSolution
		{0BA3F99F-CA29-471C-B1BB-26444411A9BA}.Debug|Any CPU.ActiveCfg = Debug|Any CPU
		{0BA3F99F-CA29-471C-B1BB-26444411A9BA}.Debug|Any CPU.Build.0 = Debug|Any CPU
		{0BA3F99F-CA29-471C-B1BB-26444411A9BA}.Release|Any CPU.ActiveCfg = Release|Any CPU
		{0BA3F99F-CA29-471C-B1BB-26444411A9BA}.Release|Any CPU.Build.0 = Release|Any CPU
	EndGlobalSection
	GlobalSection(SolutionProperties) = preSolution
		HideSolutionNode = FALSE
	EndGlobalSection
	GlobalSection(ExtensibilityGlobals) = postSolution
		SolutionGuid = {01DF53E5-1209-42B2-B65F-ED5733EEC186}
	EndGlobalSection
EndGlobal
